
Microsoft Visual Studio Solution File, Format Version 12.00
# Visual Studio Version 16
VisualStudioVersion = 16.0.30002.166
MinimumVisualStudioVersion = 10.0.40219.1
Project("{FAE04EC0-301F-11D3-BF4B-00C04F79EFBC}") = "Dapper.WebApi", "Dapper.WebApi\Dapper.WebApi.csproj", "{BD3F8B8B-4EEE-4D83-8CA7-9D55A5F6471A}"
EndProject
Project("{FAE04EC0-301F-11D3-BF4B-00C04F79EFBC}") = "Dapper.Core", "Dapper.Core\Dapper.Core.csproj", "{E20207DF-5302-4F71-AC79-B5FED83D429E}"
EndProject
Project("{FAE04EC0-301F-11D3-BF4B-00C04F79EFBC}") = "Dapper.Application", "Dapper.Application\Dapper.Application.csproj", "{0A7A5CF5-198A-4A1F-A9DA-2B62C3C9E08B}"
EndProject
Project("{FAE04EC0-301F-11D3-BF4B-00C04F79EFBC}") = "Dapper.Infrastructure", "Dapper.Infrastructure\Dapper.Infrastructure.csproj", "{06D17EFA-F9FC-4208-9741-59496502A5BB}"
EndProject
Global
	GlobalSection(SolutionConfigurationPlatforms) = preSolution
		Debug|Any CPU = Debug|Any CPU
		Release|Any CPU = Release|Any CPU
	EndGlobalSection
	GlobalSection(ProjectConfigurationPlatforms) = postSolution
		{BD3F8B8B-4EEE-4D83-8CA7-9D55A5F6471A}.Debug|Any CPU.ActiveCfg = Debug|Any CPU
		{BD3F8B8B-4EEE-4D83-8CA7-9D55A5F6471A}.Debug|Any CPU.Build.0 = Debug|Any CPU
		{BD3F8B8B-4EEE-4D83-8CA7-9D55A5F6471A}.Release|Any CPU.ActiveCfg = Release|Any CPU
		{BD3F8B8B-4EEE-4D83-8CA7-9D55A5F6471A}.Release|Any CPU.Build.0 = Release|Any CPU
		{E20207DF-5302-4F71-AC79-B5FED83D429E}.Debug|Any CPU.ActiveCfg = Debug|Any CPU
		{E20207DF-5302-4F71-AC79-B5FED83D429E}.Debug|Any CPU.Build.0 = Debug|Any CPU
		{E20207DF-5302-4F71-AC79-B5FED83D429E}.Release|Any CPU.ActiveCfg = Release|Any CPU
		{E20207DF-5302-4F71-AC79-B5FED83D429E}.Release|Any CPU.Build.0 = Release|Any CPU
		{0A7A5CF5-198A-4A1F-A9DA-2B62C3C9E08B}.Debug|Any CPU.ActiveCfg = Debug|Any CPU
		{0A7A5CF5-198A-4A1F-A9DA-2B62C3C9E08B}.Debug|Any CPU.Build.0 = Debug|Any CPU
		{0A7A5CF5-198A-4A1F-A9DA-2B62C3C9E08B}.Release|Any CPU.ActiveCfg = Release|Any CPU
		{0A7A5CF5-198A-4A1F-A9DA-2B62C3C9E08B}.Release|Any CPU.Build.0 = Release|Any CPU
		{06D17EFA-F9FC-4208-9741-59496502A5BB}.Debug|Any CPU.ActiveCfg = Debug|Any CPU
		{06D17EFA-F9FC-4208-9741-59496502A5BB}.Debug|Any CPU.Build.0 = Debug|Any CPU
		{06D17EFA-F9FC-4208-9741-59496502A5BB}.Release|Any CPU.ActiveCfg = Release|Any CPU
		{06D17EFA-F9FC-4208-9741-59496502A5BB}.Release|Any CPU.Build.0 = Release|Any CPU
	EndGlobalSection
	GlobalSection(SolutionProperties) = preSolution
		HideSolutionNode = FALSE
	EndGlobalSection
	GlobalSection(ExtensibilityGlobals) = postSolution
		SolutionGuid = {CE954516-BB79-46EA-AC9A-439A5162B2E5}
	EndGlobalSection
EndGlobal
